{
  "name": "fromscratch",
  "version": "1.0.0",
  "lockfileVersion": 3,
  "requires": true,
  "packages": {
    "": {
      "name": "fromscratch",
      "version": "1.0.0",
      "license": "ISC",
      "dependencies": {
        "opencascade.js": "^2.0.0-beta.fdece36"
      },
      "devDependencies": {
        "prettier": "^3.8.1"
      }
    },
    "node_modules/opencascade.js": {
      "version": "2.0.0-beta.fdece36",
      "resolved": "https://registry.npmjs.org/opencascade.js/-/opencascade.js-2.0.0-beta.fdece36.tgz",
      "integrity": "sha512-4IJNYeG9AzowigwGGHOlwY5KmcVQHskbvPdF9J9JhKJdZaUeHGo+8himg4DtyyZLKWDfUlPh430HDbt6jMJWTw==",
      "license": "LGPL-2.1-only",
      "peerDependencies": {
        "ws": "^7.4.5"
      }
    },
    "node_modules/prettier": {
      "version": "3.8.1",
      "resolved": "https://registry.npmjs.org/prettier/-/prettier-3.8.1.tgz",
      "integrity": "sha512-UOnG6LftzbdaHZcKoPFtOcCKztrQ57WkHDeRD9t/PTQtmT0NHSeWWepj6pS0z/N7+08BHFDQVUrfmfMRcZwbMg==",
      "dev": true,
      "license": "MIT",
      "bin": {
        "prettier": "bin/prettier.cjs"
      },
      "engines": {
        "node": ">=14"
      },
      "funding": {
        "url": "https://github.com/prettier/prettier?sponsor=1"
      }
    },
    "node_modules/ws": {
      "version": "7.5.10",
      "resolved": "https://registry.npmjs.org/ws/-/ws-7.5.10.tgz",
      "integrity": "sha512-+dbF1tHwZpXcbOJdVOkzLDxZP1ailvSxM6ZweXTegylPny803bFhA+vqBYw4s31NSAk4S2Qz+AKXK9a4wkdjcQ==",
      "license": "MIT",
      "peer": true,
      "engines": {
        "node": ">=8.3.0"
      },
      "peerDependencies": {
        "bufferutil": "^4.0.1",
        "utf-8-validate": "^5.0.2"
      },
      "peerDependenciesMeta": {
        "bufferutil": {
          "optional": true
        },
        "utf-8-validate": {
          "optional": true
        }
      }
    }
  }
}
